// !$*UTF8*$!
{
	archiveVersion = 1;
	classes = {
	};
	objectVersion = 56;
	objects = {

/* Begin PBXBuildFile section */
		03245CDD2A1F92A800A74C37 /* CountDownApp.swift in Sources */ = {isa = PBXBuildFile; fileRef = 03245CDC2A1F92A800A74C37 /* CountDownApp.swift */; };
		03245CDF2A1F92A800A74C37 /* ContentView.swift in Sources */ = {isa = PBXBuildFile; fileRef = 03245CDE2A1F92A800A74C37 /* ContentView.swift */; };
		03245CE12A1F92AE00A74C37 /* Assets.xcassets in Resources */ = {isa = PBXBuildFile; fileRef = 03245CE02A1F92AE00A74C37 /* Assets.xcassets */; };
		03245CE42A1F92AE00A74C37 /* Preview Assets.xcassets in Resources */ = {isa = PBXBuildFile; fileRef = 03245CE32A1F92AE00A74C37 /* Preview Assets.xcassets */; };
		03245CEE2A1F932300A74C37 /* DetailView.swift in Sources */ = {isa = PBXBuildFile; fileRef = 03245CEA2A1F932000A74C37 /* DetailView.swift */; };
		03245CEF2A1F932300A74C37 /* ItemView.swift in Sources */ = {isa = PBXBuildFile; fileRef = 03245CEB2A1F932200A74C37 /* ItemView.swift */; };
		03245CF02A1F932300A74C37 /* ListView.swift in Sources */ = {isa = PBXBuildFile; fileRef = 03245CEC2A1F932300A74C37 /* ListView.swift */; };
		03245CF12A1F932300A74C37 /* AddItemView.swift in Sources */ = {isa = PBXBuildFile; fileRef = 03245CED2A1F932300A74C37 /* AddItemView.swift */; };
		03245CF62A1F988E00A74C37 /* ItemModel.swift in Sources */ = {isa = PBXBuildFile; fileRef = 03245CF52A1F988E00A74C37 /* ItemModel.swift */; };
		03245CF82A1FA00B00A74C37 /* NewItemView.swift in Sources */ = {isa = PBXBuildFile; fileRef = 03245CF72A1FA00B00A74C37 /* NewItemView.swift */; };
		03245CFA2A2003B000A74C37 /* CalendarExt.swift in Sources */ = {isa = PBXBuildFile; fileRef = 03245CF92A2003B000A74C37 /* CalendarExt.swift */; };
		03245CFD2A212A7400A74C37 /* EmojiPicker in Frameworks */ = {isa = PBXBuildFile; productRef = 03245CFC2A212A7400A74C37 /* EmojiPicker */; };
		03245D032A2167A200A74C37 /* EmojiPicker.swift in Sources */ = {isa = PBXBuildFile; fileRef = 03245D022A2167A200A74C37 /* EmojiPicker.swift */; };
		03245D052A236F8C00A74C37 /* ItemListView.swift in Sources */ = {isa = PBXBuildFile; fileRef = 03245D042A236F8C00A74C37 /* ItemListView.swift */; };
		584BE8F7F97E563B9EB441A9 /* Pods_CountDown.framework in Frameworks */ = {isa = PBXBuildFile; fileRef = C57A3421EAA157D7DA562A64 /* Pods_CountDown.framework */; };
/* End PBXBuildFile section */

/* Begin PBXFileReference section */
		03245CDC2A1F92A800A74C37 /* CountDownApp.swift */ = {isa = PBXFileReference; lastKnownFileType = sourcecode.swift; path = CountDownApp.swift; sourceTree = "<group>"; };
		03245CDE2A1F92A800A74C37 /* ContentView.swift */ = {isa = PBXFileReference; lastKnownFileType = sourcecode.swift; path = ContentView.swift; sourceTree = "<group>"; };
		03245CE02A1F92AE00A74C37 /* Assets.xcassets */ = {isa = PBXFileReference; lastKnownFileType = folder.assetcatalog; path = Assets.xcassets; sourceTree = "<group>"; };
		03245CE32A1F92AE00A74C37 /* Preview Assets.xcassets */ = {isa = PBXFileReference; lastKnownFileType = folder.assetcatalog; path = "Preview Assets.xcassets"; sourceTree = "<group>"; };
		03245CEA2A1F932000A74C37 /* DetailView.swift */ = {isa = PBXFileReference; fileEncoding = 4; lastKnownFileType = sourcecode.swift; path = DetailView.swift; sourceTree = "<group>"; };
		03245CEB2A1F932200A74C37 /* ItemView.swift */ = {isa = PBXFileReference; fileEncoding = 4; lastKnownFileType = sourcecode.swift; path = ItemView.swift; sourceTree = "<group>"; };
		03245CEC2A1F932300A74C37 /* ListView.swift */ = {isa = PBXFileReference; fileEncoding = 4; lastKnownFileType = sourcecode.swift; path = ListView.swift; sourceTree = "<group>"; };
		03245CED2A1F932300A74C37 /* AddItemView.swift */ = {isa = PBXFileReference; fileEncoding = 4; lastKnownFileType = sourcecode.swift; path = AddItemView.swift; sourceTree = "<group>"; };
		03245CF52A1F988E00A74C37 /* ItemModel.swift */ = {isa = PBXFileReference; lastKnownFileType = sourcecode.swift; path = ItemModel.swift; sourceTree = "<group>"; };
		03245CF72A1FA00B00A74C37 /* NewItemView.swift */ = {isa = PBXFileReference; lastKnownFileType = sourcecode.swift; path = NewItemView.swift; sourceTree = "<group>"; };
		03245CF92A2003B000A74C37 /* CalendarExt.swift */ = {isa = PBXFileReference; lastKnownFileType = sourcecode.swift; path = CalendarExt.swift; sourceTree = "<group>"; };
		03245D002A21352000A74C37 /* CountDown.app */ = {isa = PBXFileReference; explicitFileType = wrapper.application; includeInIndex = 0; path = CountDown.app; sourceTree = BUILT_PRODUCTS_DIR; };
		03245D022A2167A200A74C37 /* EmojiPicker.swift */ = {isa = PBXFileReference; lastKnownFileType = sourcecode.swift; path = EmojiPicker.swift; sourceTree = "<group>"; };
		03245D042A236F8C00A74C37 /* ItemListView.swift */ = {isa = PBXFileReference; lastKnownFileType = sourcecode.swift; path = ItemListView.swift; sourceTree = "<group>"; };
		4E7AC4DFC86C7CBEDE97FFA2 /* Pods-CountDown.release.xcconfig */ = {isa = PBXFileReference; includeInIndex = 1; lastKnownFileType = text.xcconfig; name = "Pods-CountDown.release.xcconfig"; path = "Target Support Files/Pods-CountDown/Pods-CountDown.release.xcconfig"; sourceTree = "<group>"; };
		64F17D704FCDE681D23727C9 /* Pods-CountDown.debug.xcconfig */ = {isa = PBXFileReference; includeInIndex = 1; lastKnownFileType = text.xcconfig; name = "Pods-CountDown.debug.xcconfig"; path = "Target Support Files/Pods-CountDown/Pods-CountDown.debug.xcconfig"; sourceTree = "<group>"; };
		C57A3421EAA157D7DA562A64 /* Pods_CountDown.framework */ = {isa = PBXFileReference; explicitFileType = wrapper.framework; includeInIndex = 0; path = Pods_CountDown.framework; sourceTree = BUILT_PRODUCTS_DIR; };
/* End PBXFileReference section */

/* Begin PBXFrameworksBuildPhase section */
		03245CD62A1F92A800A74C37 /* Frameworks */ = {
			isa = PBXFrameworksBuildPhase;
			buildActionMask = 2147483647;
			files = (
				03245CFD2A212A7400A74C37 /* EmojiPicker in Frameworks */,
				584BE8F7F97E563B9EB441A9 /* Pods_CountDown.framework in Frameworks */,
			);
			runOnlyForDeploymentPostprocessing = 0;
		};
/* End PBXFrameworksBuildPhase section */

/* Begin PBXGroup section */
		03245CD02A1F92A800A74C37 = {
			isa = PBXGroup;
			children = (
				03245CDB2A1F92A800A74C37 /* CountDown */,
				DC3E6D92D7B07F325E7E200F /* Pods */,
				B7DFF783FE6FC0839EE61B7A /* Frameworks */,
				03245D002A21352000A74C37 /* CountDown.app */,
			);
			sourceTree = "<group>";
		};
		03245CDB2A1F92A800A74C37 /* CountDown */ = {
			isa = PBXGroup;
			children = (
				03245D012A21678800A74C37 /* Utilities */,
				03245CF42A1F985400A74C37 /* App */,
				03245CF32A1F93CB00A74C37 /* Model */,
				03245CF22A1F93C400A74C37 /* View */,
				03245CE02A1F92AE00A74C37 /* Assets.xcassets */,
				03245CE22A1F92AE00A74C37 /* Preview Content */,
			);
			path = CountDown;
			sourceTree = "<group>";
		};
		03245CE22A1F92AE00A74C37 /* Preview Content */ = {
			isa = PBXGroup;
			children = (
				03245CE32A1F92AE00A74C37 /* Preview Assets.xcassets */,
			);
			path = "Preview Content";
			sourceTree = "<group>";
		};
		03245CF22A1F93C400A74C37 /* View */ = {
			isa = PBXGroup;
			children = (
				03245CEC2A1F932300A74C37 /* ListView.swift */,
				03245D042A236F8C00A74C37 /* ItemListView.swift */,
				03245CF72A1FA00B00A74C37 /* NewItemView.swift */,
				03245CED2A1F932300A74C37 /* AddItemView.swift */,
				03245CEB2A1F932200A74C37 /* ItemView.swift */,
				03245CEA2A1F932000A74C37 /* DetailView.swift */,
				03245CDE2A1F92A800A74C37 /* ContentView.swift */,
			);
			path = View;
			sourceTree = "<group>";
		};
		03245CF32A1F93CB00A74C37 /* Model */ = {
			isa = PBXGroup;
			children = (
				03245CF52A1F988E00A74C37 /* ItemModel.swift */,
				03245CF92A2003B000A74C37 /* CalendarExt.swift */,
			);
			path = Model;
			sourceTree = "<group>";
		};
		03245CF42A1F985400A74C37 /* App */ = {
			isa = PBXGroup;
			children = (
				03245CDC2A1F92A800A74C37 /* CountDownApp.swift */,
			);
			path = App;
			sourceTree = "<group>";
		};
		03245D012A21678800A74C37 /* Utilities */ = {
			isa = PBXGroup;
			children = (
				03245D022A2167A200A74C37 /* EmojiPicker.swift */,
			);
			path = Utilities;
			sourceTree = "<group>";
		};
		B7DFF783FE6FC0839EE61B7A /* Frameworks */ = {
			isa = PBXGroup;
			children = (
				C57A3421EAA157D7DA562A64 /* Pods_CountDown.framework */,
			);
			name = Frameworks;
			sourceTree = "<group>";
		};
		DC3E6D92D7B07F325E7E200F /* Pods */ = {
			isa = PBXGroup;
			children = (
				64F17D704FCDE681D23727C9 /* Pods-CountDown.debug.xcconfig */,
				4E7AC4DFC86C7CBEDE97FFA2 /* Pods-CountDown.release.xcconfig */,
			);
			path = Pods;
			sourceTree = "<group>";
		};
/* End PBXGroup section */

/* Begin PBXNativeTarget section */
		03245CD82A1F92A800A74C37 /* CountDown */ = {
			isa = PBXNativeTarget;
			buildConfigurationList = 03245CE72A1F92AE00A74C37 /* Build configuration list for PBXNativeTarget "CountDown" */;
			buildPhases = (
				B9EF843A853B562E72FCF9CB /* [CP] Check Pods Manifest.lock */,
				03245CD52A1F92A800A74C37 /* Sources */,
				03245CD62A1F92A800A74C37 /* Frameworks */,
				03245CD72A1F92A800A74C37 /* Resources */,
			);
			buildRules = (
			);
			dependencies = (
			);
			name = CountDown;
			packageProductDependencies = (
				03245CFC2A212A7400A74C37 /* EmojiPicker */,
			);
			productName = CountDown;
			productReference = 03245D002A21352000A74C37 /* CountDown.app */;
			productType = "com.apple.product-type.application";
		};
/* End PBXNativeTarget section */

/* Begin PBXProject section */
		03245CD12A1F92A800A74C37 /* Project object */ = {
			isa = PBXProject;
			attributes = {
				BuildIndependentTargetsInParallel = 1;
				LastSwiftUpdateCheck = 1420;
				LastUpgradeCheck = 1420;
				TargetAttributes = {
					03245CD82A1F92A800A74C37 = {
						CreatedOnToolsVersion = 14.2;
					};
				};
			};
			buildConfigurationList = 03245CD42A1F92A800A74C37 /* Build configuration list for PBXProject "CountDown" */;
			compatibilityVersion = "Xcode 14.0";
			developmentRegion = en;
			hasScannedForEncodings = 0;
			knownRegions = (
				en,
				Base,
			);
			mainGroup = 03245CD02A1F92A800A74C37;
			packageReferences = (
				03245CFB2A212A7400A74C37 /* XCRemoteSwiftPackageReference "EmojiPicker" */,
			);
			productRefGroup = 03245CD02A1F92A800A74C37;
			projectDirPath = "";
			projectRoot = "";
			targets = (
				03245CD82A1F92A800A74C37 /* CountDown */,
			);
		};
/* End PBXProject section */

/* Begin PBXResourcesBuildPhase section */
		03245CD72A1F92A800A74C37 /* Resources */ = {
			isa = PBXResourcesBuildPhase;
			buildActionMask = 2147483647;
			files = (
				03245CE42A1F92AE00A74C37 /* Preview Assets.xcassets in Resources */,
				03245CE12A1F92AE00A74C37 /* Assets.xcassets in Resources */,
			);
			runOnlyForDeploymentPostprocessing = 0;
		};
/* End PBXResourcesBuildPhase section */

/* Begin PBXShellScriptBuildPhase section */
		B9EF843A853B562E72FCF9CB /* [CP] Check Pods Manifest.lock */ = {
			isa = PBXShellScriptBuildPhase;
			buildActionMask = 2147483647;
			files = (
			);
			inputFileListPaths = (
			);
			inputPaths = (
				"${PODS_PODFILE_DIR_PATH}/Podfile.lock",
				"${PODS_ROOT}/Manifest.lock",
			);
			name = "[CP] Check Pods Manifest.lock";
			outputFileListPaths = (
			);
			outputPaths = (
				"$(DERIVED_FILE_DIR)/Pods-CountDown-checkManifestLockResult.txt",
			);
			runOnlyForDeploymentPostprocessing = 0;
			shellPath = /bin/sh;
			shellScript = "diff \"${PODS_PODFILE_DIR_PATH}/Podfile.lock\" \"${PODS_ROOT}/Manifest.lock\" > /dev/null\nif [ $? != 0 ] ; then\n    # print error to STDERR\n    echo \"error: The sandbox is not in sync with the Podfile.lock. Run 'pod install' or update your CocoaPods installation.\" >&2\n    exit 1\nfi\n# This output is used by Xcode 'outputs' to avoid re-running this script phase.\necho \"SUCCESS\" > \"${SCRIPT_OUTPUT_FILE_0}\"\n";
			showEnvVarsInLog = 0;
		};
/* End PBXShellScriptBuildPhase section */

/* Begin PBXSourcesBuildPhase section */
		03245CD52A1F92A800A74C37 /* Sources */ = {
			isa = PBXSourcesBuildPhase;
			buildActionMask = 2147483647;
			files = (
				03245CF82A1FA00B00A74C37 /* NewItemView.swift in Sources */,
				03245CDF2A1F92A800A74C37 /* ContentView.swift in Sources */,
				03245D032A2167A200A74C37 /* EmojiPicker.swift in Sources */,
				03245CF12A1F932300A74C37 /* AddItemView.swift in Sources */,
				03245CFA2A2003B000A74C37 /* CalendarExt.swift in Sources */,
				03245CEE2A1F932300A74C37 /* DetailView.swift in Sources */,
				03245CF02A1F932300A74C37 /* ListView.swift in Sources */,
				03245D052A236F8C00A74C37 /* ItemListView.swift in Sources */,
				03245CDD2A1F92A800A74C37 /* CountDownApp.swift in Sources */,
				03245CF62A1F988E00A74C37 /* ItemModel.swift in Sources */,
				03245CEF2A1F932300A74C37 /* ItemView.swift in Sources */,
			);
			runOnlyForDeploymentPostprocessing = 0;
		};
/* End PBXSourcesBuildPhase section */

/* Begin XCBuildConfiguration section */
		03245CE52A1F92AE00A74C37 /* Debug */ = {
			isa = XCBuildConfiguration;
			buildSettings = {
				ALWAYS_SEARCH_USER_PATHS = NO;
				CLANG_ANALYZER_NONNULL = YES;
				CLANG_ANALYZER_NUMBER_OBJECT_CONVERSION = YES_AGGRESSIVE;
				CLANG_CXX_LANGUAGE_STANDARD = "gnu++20";
				CLANG_ENABLE_MODULES = YES;
				CLANG_ENABLE_OBJC_ARC = YES;
				CLANG_ENABLE_OBJC_WEAK = YES;
				CLANG_WARN_BLOCK_CAPTURE_AUTORELEASING = YES;
				CLANG_WARN_BOOL_CONVERSION = YES;
				CLANG_WARN_COMMA = YES;
				CLANG_WARN_CONSTANT_CONVERSION = YES;
				CLANG_WARN_DEPRECATED_OBJC_IMPLEMENTATIONS = YES;
				CLANG_WARN_DIRECT_OBJC_ISA_USAGE = YES_ERROR;
				CLANG_WARN_DOCUMENTATION_COMMENTS = YES;
				CLANG_WARN_EMPTY_BODY = YES;
				CLANG_WARN_ENUM_CONVERSION = YES;
				CLANG_WARN_INFINITE_RECURSION = YES;
				CLANG_WARN_INT_CONVERSION = YES;
				CLANG_WARN_NON_LITERAL_NULL_CONVERSION = YES;
				CLANG_WARN_OBJC_IMPLICIT_RETAIN_SELF = YES;
				CLANG_WARN_OBJC_LITERAL_CONVERSION = YES;
				CLANG_WARN_OBJC_ROOT_CLASS = YES_ERROR;
				CLANG_WARN_QUOTED_INCLUDE_IN_FRAMEWORK_HEADER = YES;
				CLANG_WARN_RANGE_LOOP_ANALYSIS = YES;
				CLANG_WARN_STRICT_PROTOTYPES = YES;
				CLANG_WARN_SUSPICIOUS_MOVE = YES;
				CLANG_WARN_UNGUARDED_AVAILABILITY = YES_AGGRESSIVE;
				CLANG_WARN_UNREACHABLE_CODE = YES;
				CLANG_WARN__DUPLICATE_METHOD_MATCH = YES;
				COPY_PHASE_STRIP = NO;
				DEBUG_INFORMATION_FORMAT = dwarf;
				ENABLE_STRICT_OBJC_MSGSEND = YES;
				ENABLE_TESTABILITY = YES;
				GCC_C_LANGUAGE_STANDARD = gnu11;
				GCC_DYNAMIC_NO_PIC = NO;
				GCC_NO_COMMON_BLOCKS = YES;
				GCC_OPTIMIZATION_LEVEL = 0;
				GCC_PREPROCESSOR_DEFINITIONS = (
					"DEBUG=1",
					"$(inherited)",
				);
				GCC_WARN_64_TO_32_BIT_CONVERSION = YES;
				GCC_WARN_ABOUT_RETURN_TYPE = YES_ERROR;
				GCC_WARN_UNDECLARED_SELECTOR = YES;
				GCC_WARN_UNINITIALIZED_AUTOS = YES_AGGRESSIVE;
				GCC_WARN_UNUSED_FUNCTION = YES;
				GCC_WARN_UNUSED_VARIABLE = YES;
				IPHONEOS_DEPLOYMENT_TARGET = 16.2;
				MTL_ENABLE_DEBUG_INFO = INCLUDE_SOURCE;
				MTL_FAST_MATH = YES;
				ONLY_ACTIVE_ARCH = YES;
				SDKROOT = iphoneos;
				SWIFT_ACTIVE_COMPILATION_CONDITIONS = DEBUG;
				SWIFT_OPTIMIZATION_LEVEL = "-Onone";
			};
			name = Debug;
		};
		03245CE62A1F92AE00A74C37 /* Release */ = {
			isa = XCBuildConfiguration;
			buildSettings = {
				ALWAYS_SEARCH_USER_PATHS = NO;
				CLANG_ANALYZER_NONNULL = YES;
				CLANG_ANALYZER_NUMBER_OBJECT_CONVERSION = YES_AGGRESSIVE;
				CLANG_CXX_LANGUAGE_STANDARD = "gnu++20";
				CLANG_ENABLE_MODULES = YES;
				CLANG_ENABLE_OBJC_ARC = YES;
				CLANG_ENABLE_OBJC_WEAK = YES;
				CLANG_WARN_BLOCK_CAPTURE_AUTORELEASING = YES;
				CLANG_WARN_BOOL_CONVERSION = YES;
				CLANG_WARN_COMMA = YES;
				CLANG_WARN_CONSTANT_CONVERSION = YES;
				CLANG_WARN_DEPRECATED_OBJC_IMPLEMENTATIONS = YES;
				CLANG_WARN_DIRECT_OBJC_ISA_USAGE = YES_ERROR;
				CLANG_WARN_DOCUMENTATION_COMMENTS = YES;
				CLANG_WARN_EMPTY_BODY = YES;
				CLANG_WARN_ENUM_CONVERSION = YES;
				CLANG_WARN_INFINITE_RECURSION = YES;
				CLANG_WARN_INT_CONVERSION = YES;
				CLANG_WARN_NON_LITERAL_NULL_CONVERSION = YES;
				CLANG_WARN_OBJC_IMPLICIT_RETAIN_SELF = YES;
				CLANG_WARN_OBJC_LITERAL_CONVERSION = YES;
				CLANG_WARN_OBJC_ROOT_CLASS = YES_ERROR;
				CLANG_WARN_QUOTED_INCLUDE_IN_FRAMEWORK_HEADER = YES;
				CLANG_WARN_RANGE_LOOP_ANALYSIS = YES;
				CLANG_WARN_STRICT_PROTOTYPES = YES;
				CLANG_WARN_SUSPICIOUS_MOVE = YES;
				CLANG_WARN_UNGUARDED_AVAILABILITY = YES_AGGRESSIVE;
				CLANG_WARN_UNREACHABLE_CODE = YES;
				CLANG_WARN__DUPLICATE_METHOD_MATCH = YES;
				COPY_PHASE_STRIP = NO;
				DEBUG_INFORMATION_FORMAT = "dwarf-with-dsym";
				ENABLE_NS_ASSERTIONS = NO;
				ENABLE_STRICT_OBJC_MSGSEND = YES;
				GCC_C_LANGUAGE_STANDARD = gnu11;
				GCC_NO_COMMON_BLOCKS = YES;
				GCC_WARN_64_TO_32_BIT_CONVERSION = YES;
				GCC_WARN_ABOUT_RETURN_TYPE = YES_ERROR;
				GCC_WARN_UNDECLARED_SELECTOR = YES;
				GCC_WARN_UNINITIALIZED_AUTOS = YES_AGGRESSIVE;
				GCC_WARN_UNUSED_FUNCTION = YES;
				GCC_WARN_UNUSED_VARIABLE = YES;
				IPHONEOS_DEPLOYMENT_TARGET = 16.2;
				MTL_ENABLE_DEBUG_INFO = NO;
				MTL_FAST_MATH = YES;
				SDKROOT = iphoneos;
				SWIFT_COMPILATION_MODE = wholemodule;
				SWIFT_OPTIMIZATION_LEVEL = "-O";
				VALIDATE_PRODUCT = YES;
			};
			name = Release;
		};
		03245CE82A1F92AE00A74C37 /* Debug */ = {
			isa = XCBuildConfiguration;
			baseConfigurationReference = 64F17D704FCDE681D23727C9 /* Pods-CountDown.debug.xcconfig */;
			buildSettings = {
				ASSETCATALOG_COMPILER_APPICON_NAME = AppIcon;
				ASSETCATALOG_COMPILER_GLOBAL_ACCENT_COLOR_NAME = AccentColor;
				CODE_SIGN_STYLE = Automatic;
				CURRENT_PROJECT_VERSION = 1;
				DEVELOPMENT_ASSET_PATHS = "\"CountDown/Preview Content\"";
				DEVELOPMENT_TEAM = 7X97K5Q977;
				ENABLE_PREVIEWS = YES;
				GENERATE_INFOPLIST_FILE = YES;
				INFOPLIST_KEY_UIApplicationSceneManifest_Generation = YES;
				INFOPLIST_KEY_UIApplicationSupportsIndirectInputEvents = YES;
				INFOPLIST_KEY_UILaunchScreen_Generation = YES;
				INFOPLIST_KEY_UISupportedInterfaceOrientations_iPad = "UIInterfaceOrientationPortrait UIInterfaceOrientationPortraitUpsideDown UIInterfaceOrientationLandscapeLeft UIInterfaceOrientationLandscapeRight";
				INFOPLIST_KEY_UISupportedInterfaceOrientations_iPhone = "UIInterfaceOrientationPortrait UIInterfaceOrientationLandscapeLeft UIInterfaceOrientationLandscapeRight";
				LD_RUNPATH_SEARCH_PATHS = (
					"$(inherited)",
					"@executable_path/Frameworks",
				);
				MARKETING_VERSION = 1.0;
				PRODUCT_BUNDLE_IDENTIFIER = nico.CountDown;
				PRODUCT_NAME = "$(TARGET_NAME)";
				SWIFT_EMIT_LOC_STRINGS = YES;
				SWIFT_VERSION = 5.0;
				TARGETED_DEVICE_FAMILY = "1,2";
			};
			name = Debug;
		};
		03245CE92A1F92AE00A74C37 /* Release */ = {
			isa = XCBuildConfiguration;
			baseConfigurationReference = 4E7AC4DFC86C7CBEDE97FFA2 /* Pods-CountDown.release.xcconfig */;
			buildSettings = {
				ASSETCATALOG_COMPILER_APPICON_NAME = AppIcon;
				ASSETCATALOG_COMPILER_GLOBAL_ACCENT_COLOR_NAME = AccentColor;
				CODE_SIGN_STYLE = Automatic;
				CURRENT_PROJECT_VERSION = 1;
				DEVELOPMENT_ASSET_PATHS = "\"CountDown/Preview Content\"";
				DEVELOPMENT_TEAM = 7X97K5Q977;
				ENABLE_PREVIEWS = YES;
				GENERATE_INFOPLIST_FILE = YES;
				INFOPLIST_KEY_UIApplicationSceneManifest_Generation = YES;
				INFOPLIST_KEY_UIApplicationSupportsIndirectInputEvents = YES;
				INFOPLIST_KEY_UILaunchScreen_Generation = YES;
				INFOPLIST_KEY_UISupportedInterfaceOrientations_iPad = "UIInterfaceOrientationPortrait UIInterfaceOrientationPortraitUpsideDown UIInterfaceOrientationLandscapeLeft UIInterfaceOrientationLandscapeRight";
				INFOPLIST_KEY_UISupportedInterfaceOrientations_iPhone = "UIInterfaceOrientationPortrait UIInterfaceOrientationLandscapeLeft UIInterfaceOrientationLandscapeRight";
				LD_RUNPATH_SEARCH_PATHS = (
					"$(inherited)",
					"@executable_path/Frameworks",
				);
				MARKETING_VERSION = 1.0;
				PRODUCT_BUNDLE_IDENTIFIER = nico.CountDown;
				PRODUCT_NAME = "$(TARGET_NAME)";
				SWIFT_EMIT_LOC_STRINGS = YES;
				SWIFT_VERSION = 5.0;
				TARGETED_DEVICE_FAMILY = "1,2";
			};
			name = Release;
		};
/* End XCBuildConfiguration section */

/* Begin XCConfigurationList section */
		03245CD42A1F92A800A74C37 /* Build configuration list for PBXProject "CountDown" */ = {
			isa = XCConfigurationList;
			buildConfigurations = (
				03245CE52A1F92AE00A74C37 /* Debug */,
				03245CE62A1F92AE00A74C37 /* Release */,
			);
			defaultConfigurationIsVisible = 0;
			defaultConfigurationName = Release;
		};
		03245CE72A1F92AE00A74C37 /* Build configuration list for PBXNativeTarget "CountDown" */ = {
			isa = XCConfigurationList;
			buildConfigurations = (
				03245CE82A1F92AE00A74C37 /* Debug */,
				03245CE92A1F92AE00A74C37 /* Release */,
			);
			defaultConfigurationIsVisible = 0;
			defaultConfigurationName = Release;
		};
/* End XCConfigurationList section */

/* Begin XCRemoteSwiftPackageReference section */
		03245CFB2A212A7400A74C37 /* XCRemoteSwiftPackageReference "EmojiPicker" */ = {
			isa = XCRemoteSwiftPackageReference;
			repositoryURL = "https://github.com/htmlprogrammist/EmojiPicker";
			requirement = {
				kind = upToNextMajorVersion;
				minimumVersion = 3.0.0;
			};
		};
/* End XCRemoteSwiftPackageReference section */

/* Begin XCSwiftPackageProductDependency section */
		03245CFC2A212A7400A74C37 /* EmojiPicker */ = {
			isa = XCSwiftPackageProductDependency;
			package = 03245CFB2A212A7400A74C37 /* XCRemoteSwiftPackageReference "EmojiPicker" */;
			productName = EmojiPicker;
		};
/* End XCSwiftPackageProductDependency section */
	};
	rootObject = 03245CD12A1F92A800A74C37 /* Project object */;
}
